
Microsoft Visual Studio Solution File, Format Version 12.00
# Visual Studio Version 16
VisualStudioVersion = 16.0.30611.23
MinimumVisualStudioVersion = 10.0.40219.1
Project("{FAE04EC0-301F-11D3-BF4B-00C04F79EFBC}") = "Sortowanie metodą szukania min, max", "Sortowanie metodą szukania min, max\Sortowanie metodą szukania min, max.csproj", "{C3E8A740-CD37-453D-BF6A-745D87BB6220}"
EndProject
Global
	GlobalSection(SolutionConfigurationPlatforms) = preSolution
		Debug|Any CPU = Debug|Any CPU
		Release|Any CPU = Release|Any CPU
	EndGlobalSection
	GlobalSection(ProjectConfigurationPlatforms) = postSolution
		{C3E8A740-CD37-453D-BF6A-745D87BB6220}.Debug|Any CPU.ActiveCfg = Debug|Any CPU
		{C3E8A740-CD37-453D-BF6A-745D87BB6220}.Debug|Any CPU.Build.0 = Debug|Any CPU
		{C3E8A740-CD37-453D-BF6A-745D87BB6220}.Release|Any CPU.ActiveCfg = Release|Any CPU
		{C3E8A740-CD37-453D-BF6A-745D87BB6220}.Release|Any CPU.Build.0 = Release|Any CPU
	EndGlobalSection
	GlobalSection(SolutionProperties) = preSolution
		HideSolutionNode = FALSE
	EndGlobalSection
	GlobalSection(ExtensibilityGlobals) = postSolution
		SolutionGuid = {7ADA400A-815A-46B1-B605-256E4FAF3928}
	EndGlobalSection
EndGlobal
